{
  "lockfile_version": "1",
  "packages": {
    "clang-tools@21.1.1": {
      "last_modified": "2025-10-07T08:41:47Z",
      "resolved": "github:NixOS/nixpkgs/bce5fe2bb998488d8e7e7856315f90496723793c#clang-tools",
      "source": "devbox-search",
      "version": "21.1.1",
      "systems": {
        "aarch64-darwin": {
          "outputs": [
            {
              "name": "out",
              "path": "/nix/store/i5fkw9l1yxix62b0b0yk9vzd2a5ny785-clang-tools-21.1.1",
              "default": true
            }
          ],
          "store_path": "/nix/store/i5fkw9l1yxix62b0b0yk9vzd2a5ny785-clang-tools-21.1.1"
        },
        "aarch64-linux": {
          "outputs": [
            {
              "name": "out",
              "path": "/nix/store/hbnl0hvg35h3krwgzpjlnbjadpr5vlr6-clang-tools-21.1.1",
              "default": true
            }
          ],
          "store_path": "/nix/store/hbnl0hvg35h3krwgzpjlnbjadpr5vlr6-clang-tools-21.1.1"
        },
        "x86_64-darwin": {
          "outputs": [
            {
              "name": "out",
              "path": "/nix/store/bpr3wg4inb8km4kgfc95vynlb90in2q5-clang-tools-21.1.1",
              "default": true
            }
          ],
          "store_path": "/nix/store/bpr3wg4inb8km4kgfc95vynlb90in2q5-clang-tools-21.1.1"
        },
        "x86_64-linux": {
          "outputs": [
            {
              "name": "out",
              "path": "/nix/store/bs2gprqxgnkdrvzsz8l4k2mi776wxdip-clang-tools-21.1.1",
              "default": true
            }
          ],
          "store_path": "/nix/store/bs2gprqxgnkdrvzsz8l4k2mi776wxdip-clang-tools-21.1.1"
        }
      }
    },
    "cmake@4.1.1": {
      "last_modified": "2025-10-07T08:41:47Z",
      "resolved": "github:NixOS/nixpkgs/bce5fe2bb998488d8e7e7856315f90496723793c#cmake",
      "source": "devbox-search",
      "version": "4.1.1",
      "systems": {
        "aarch64-darwin": {
          "outputs": [
            {
              "name": "out",
              "path": "/nix/store/7f42ksnx9chv8clzni5k3ym0dp5sk3xq-cmake-4.1.1",
              "default": true
            }
          ],
          "store_path": "/nix/store/7f42ksnx9chv8clzni5k3ym0dp5sk3xq-cmake-4.1.1"
        },
        "aarch64-linux": {
          "outputs": [
            {
              "name": "out",
              "path": "/nix/store/h0hdccgw5r28sia1lwaya4hbx10sngqf-cmake-4.1.1",
              "default": true
            },
            {
              "name": "debug",
              "path": "/nix/store/4bll6nx3fdscm70jfpcl9d3mzaz6qrq0-cmake-4.1.1-debug"
            }
          ],
          "store_path": "/nix/store/h0hdccgw5r28sia1lwaya4hbx10sngqf-cmake-4.1.1"
        },
        "x86_64-darwin": {
          "outputs": [
            {
              "name": "out",
              "path": "/nix/store/6cjky7lsm3n9fd1l1yfs084vawf8qs2c-cmake-4.1.1",
              "default": true
            }
          ],
          "store_path": "/nix/store/6cjky7lsm3n9fd1l1yfs084vawf8qs2c-cmake-4.1.1"
        },
        "x86_64-linux": {
          "outputs": [
            {
              "name": "out",
              "path": "/nix/store/2lrbixyw95bjg0x1aav648r0h0zsj2jl-cmake-4.1.1",
              "default": true
            },
            {
              "name": "debug",
              "path": "/nix/store/8ka255hfrrykda2a7g3k1b9gmyqcvfq3-cmake-4.1.1-debug"
            }
          ],
          "store_path": "/nix/store/2lrbixyw95bjg0x1aav648r0h0zsj2jl-cmake-4.1.1"
        }
      }
    },
    "cppcheck@2.18.3": {
      "last_modified": "2025-10-07T08:41:47Z",
      "resolved": "github:NixOS/nixpkgs/bce5fe2bb998488d8e7e7856315f90496723793c#cppcheck",
      "source": "devbox-search",
      "version": "2.18.3",
      "systems": {
        "aarch64-darwin": {
          "outputs": [
            {
              "name": "out",
              "path": "/nix/store/ki3hvisy4nxx58igd74jlkrd6dqhhv4y-cppcheck-2.18.3",
              "default": true
            },
            {
              "name": "man",
              "path": "/nix/store/6s6s78b4qwn1ki2n9rjnxm4bwbhpwgpb-cppcheck-2.18.3-man",
              "default": true
            }
          ],
          "store_path": "/nix/store/ki3hvisy4nxx58igd74jlkrd6dqhhv4y-cppcheck-2.18.3"
        },
        "aarch64-linux": {
          "outputs": [
            {
              "name": "out",
              "path": "/nix/store/qksr8f3i35qlrlad5c2w1xdkl1xi7kpl-cppcheck-2.18.3",
              "default": true
            },
            {
              "name": "man",
              "path": "/nix/store/kmgw5ha0wx2djarf6bxb5qrvis6615mf-cppcheck-2.18.3-man",
              "default": true
            }
          ],
          "store_path": "/nix/store/qksr8f3i35qlrlad5c2w1xdkl1xi7kpl-cppcheck-2.18.3"
        },
        "x86_64-darwin": {
          "outputs": [
            {
              "name": "out",
              "path": "/nix/store/km4k94d377z0dnljln54wdgbmi7kwsrq-cppcheck-2.18.3",
              "default": true
            },
            {
              "name": "man",
              "path": "/nix/store/s5ii4g0v1avhxzssxi32g3vcni43cik2-cppcheck-2.18.3-man",
              "default": true
            }
          ],
          "store_path": "/nix/store/km4k94d377z0dnljln54wdgbmi7kwsrq-cppcheck-2.18.3"
        },
        "x86_64-linux": {
          "outputs": [
            {
              "name": "out",
              "path": "/nix/store/yr22jpid0dwqlqyayd2gzg529wysvh9d-cppcheck-2.18.3",
              "default": true
            },
            {
              "name": "man",
              "path": "/nix/store/54qhamddfc2c0rak6ky0ldci23880rn7-cppcheck-2.18.3-man",
              "default": true
            }
          ],
          "store_path": "/nix/store/yr22jpid0dwqlqyayd2gzg529wysvh9d-cppcheck-2.18.3"
        }
      }
    },
    "cpplint@2.0.2": {
      "last_modified": "2025-10-07T08:41:47Z",
      "resolved": "github:NixOS/nixpkgs/bce5fe2bb998488d8e7e7856315f90496723793c#cpplint",
      "source": "devbox-search",
      "version": "2.0.2",
      "systems": {
        "aarch64-darwin": {
          "outputs": [
            {
              "name": "out",
              "path": "/nix/store/a66zavpwq02xs3qilqi06a37h2ai9sjg-cpplint-2.0.2",
              "default": true
            },
            {
              "name": "dist",
              "path": "/nix/store/6s44kgkq2qpji3ns5hw3m0bbjlcvlbkz-cpplint-2.0.2-dist"
            }
          ],
          "store_path": "/nix/store/a66zavpwq02xs3qilqi06a37h2ai9sjg-cpplint-2.0.2"
        },
        "aarch64-linux": {
          "outputs": [
            {
              "name": "out",
              "path": "/nix/store/rp8yx9lpqg7hxsdaw5a6bhxb46s0pi8y-cpplint-2.0.2",
              "default": true
            },
            {
              "name": "dist",
              "path": "/nix/store/r60qr51hxd0icf77qjqji914ibnhp5dw-cpplint-2.0.2-dist"
            }
          ],
          "store_path": "/nix/store/rp8yx9lpqg7hxsdaw5a6bhxb46s0pi8y-cpplint-2.0.2"
        },
        "x86_64-darwin": {
          "outputs": [
            {
              "name": "out",
              "path": "/nix/store/4xh4hklcs4x6lky8gw0ankisvx9vqbvs-cpplint-2.0.2",
              "default": true
            },
            {
              "name": "dist",
              "path": "/nix/store/8ik7hz96vfazsg48a5sfc67ck0lpxxqm-cpplint-2.0.2-dist"
            }
          ],
          "store_path": "/nix/store/4xh4hklcs4x6lky8gw0ankisvx9vqbvs-cpplint-2.0.2"
        },
        "x86_64-linux": {
          "outputs": [
            {
              "name": "out",
              "path": "/nix/store/v6jcylf112rg6bry85jig02w7y19cjb9-cpplint-2.0.2",
              "default": true
            },
            {
              "name": "dist",
              "path": "/nix/store/f9fbff15zdmd422l4hynm06qwl3kzdni-cpplint-2.0.2-dist"
            }
          ],
          "store_path": "/nix/store/v6jcylf112rg6bry85jig02w7y19cjb9-cpplint-2.0.2"
        }
      }
    },
    "github:NixOS/nixpkgs/nixpkgs-unstable": {
      "last_modified": "2025-10-20T04:25:18Z",
      "resolved": "github:NixOS/nixpkgs/87848bf0cc4f87717fc813a4575f07330c3e743c?lastModified=1760934318&narHash=sha256-%2FoUYsC0lUCBory65VK%2BUHqCCsCspbL1Vgfcf1KUYqVw%3D"
    },
    "libGLU@latest": {
      "last_modified": "2025-10-07T08:41:47Z",
      "resolved": "github:NixOS/nixpkgs/bce5fe2bb998488d8e7e7856315f90496723793c#libGLU",
      "source": "devbox-search",
      "version": "9.0.3",
      "systems": {
        "aarch64-darwin": {
          "outputs": [
            {
              "name": "out",
              "path": "/nix/store/lmqhcjlqjyykgdz6lj3n3f9ldrr4spvw-glu-9.0.3",
              "default": true
            },
            {
              "name": "dev",
              "path": "/nix/store/0qjwygvl17jjxqnh6y74mvjibclr3jhh-glu-9.0.3-dev"
            }
          ],
          "store_path": "/nix/store/lmqhcjlqjyykgdz6lj3n3f9ldrr4spvw-glu-9.0.3"
        },
        "aarch64-linux": {
          "outputs": [
            {
              "name": "out",
              "path": "/nix/store/bxxlk6xic0n4xi2g152k0xnhf43d2p8r-glu-9.0.3",
              "default": true
            },
            {
              "name": "dev",
              "path": "/nix/store/6s0yqhv8z0dl2khqi95mq32738pxr8xv-glu-9.0.3-dev"
            }
          ],
          "store_path": "/nix/store/bxxlk6xic0n4xi2g152k0xnhf43d2p8r-glu-9.0.3"
        },
        "x86_64-darwin": {
          "outputs": [
            {
              "name": "out",
              "path": "/nix/store/ibxzbgxmcnvyyxgca376kgfvn1w5ihjl-glu-9.0.3",
              "default": true
            },
            {
              "name": "dev",
              "path": "/nix/store/5mdwy94bvrvqzkqqncjlw0bai0djk9zn-glu-9.0.3-dev"
            }
          ],
          "store_path": "/nix/store/ibxzbgxmcnvyyxgca376kgfvn1w5ihjl-glu-9.0.3"
        },
        "x86_64-linux": {
          "outputs": [
            {
              "name": "out",
              "path": "/nix/store/6jvc0dmzydrn45kz3wy6nyvm9qsv794n-glu-9.0.3",
              "default": true
            },
            {
              "name": "dev",
              "path": "/nix/store/58r08l62cr0k1674qkypfkhqas98yxzm-glu-9.0.3-dev"
            }
          ],
          "store_path": "/nix/store/6jvc0dmzydrn45kz3wy6nyvm9qsv794n-glu-9.0.3"
        }
      }
    },
    "pkg-config@latest": {
      "last_modified": "2025-10-07T08:41:47Z",
      "resolved": "github:NixOS/nixpkgs/bce5fe2bb998488d8e7e7856315f90496723793c#pkg-config",
      "source": "devbox-search",
      "version": "0.29.2",
      "systems": {
        "aarch64-darwin": {
          "outputs": [
            {
              "name": "out",
              "path": "/nix/store/lzxb7hfq1md81mwh8kg9259va4svb0gd-pkg-config-wrapper-0.29.2",
              "default": true
            },
            {
              "name": "man",
              "path": "/nix/store/79sdaira0i3lmabrpfh32nh29wxszj6d-pkg-config-wrapper-0.29.2-man",
              "default": true
            },
            {
              "name": "doc",
              "path": "/nix/store/3fywg6a3chplmkk08jzwgqivskqlsp8a-pkg-config-wrapper-0.29.2-doc"
            }
          ],
          "store_path": "/nix/store/lzxb7hfq1md81mwh8kg9259va4svb0gd-pkg-config-wrapper-0.29.2"
        },
        "aarch64-linux": {
          "outputs": [
            {
              "name": "out",
              "path": "/nix/store/c24kkf2c8widzv6psrqx2wcjl2vbq2rc-pkg-config-wrapper-0.29.2",
              "default": true
            },
            {
              "name": "man",
              "path": "/nix/store/9v37s7k2ck5fkfqk19s9yf5dhqb9ww54-pkg-config-wrapper-0.29.2-man",
              "default": true
            },
            {
              "name": "doc",
              "path": "/nix/store/hgw3ig10nl3gjr4jqvsy676yhzsqd2c7-pkg-config-wrapper-0.29.2-doc"
            }
          ],
          "store_path": "/nix/store/c24kkf2c8widzv6psrqx2wcjl2vbq2rc-pkg-config-wrapper-0.29.2"
        },
        "x86_64-darwin": {
          "outputs": [
            {
              "name": "out",
              "path": "/nix/store/qdb4f8v27h6s8nwkn37375kyjdgpf1rh-pkg-config-wrapper-0.29.2",
              "default": true
            },
            {
              "name": "man",
              "path": "/nix/store/i46hkymbldralalwmzh5b44agflfp218-pkg-config-wrapper-0.29.2-man",
              "default": true
            },
            {
              "name": "doc",
              "path": "/nix/store/17dd5yd00fi4wivhiybm8ziin6fsfj36-pkg-config-wrapper-0.29.2-doc"
            }
          ],
          "store_path": "/nix/store/qdb4f8v27h6s8nwkn37375kyjdgpf1rh-pkg-config-wrapper-0.29.2"
        },
        "x86_64-linux": {
          "outputs": [
            {
              "name": "out",
              "path": "/nix/store/k9s1w95rqfr14lb5xms1lwzrq1yiinzz-pkg-config-wrapper-0.29.2",
              "default": true
            },
            {
              "name": "man",
              "path": "/nix/store/0pqkzamsg4s9hlk7gxpib7wir23gc7zg-pkg-config-wrapper-0.29.2-man",
              "default": true
            },
            {
              "name": "doc",
              "path": "/nix/store/36k9crw0xpwdzy8xyf4f6w8py10r442d-pkg-config-wrapper-0.29.2-doc"
            }
          ],
          "store_path": "/nix/store/k9s1w95rqfr14lb5xms1lwzrq1yiinzz-pkg-config-wrapper-0.29.2"
        }
      }
    },
    "xorg.libX11@latest": {
      "last_modified": "2025-07-28T17:09:23Z",
      "resolved": "github:NixOS/nixpkgs/648f70160c03151bc2121d179291337ad6bc564b#xorg.libX11",
      "source": "devbox-search",
      "version": "1.8.12",
      "systems": {
        "aarch64-darwin": {
          "outputs": [
            {
              "name": "out",
              "path": "/nix/store/78r8azkjfcfz67gcjxc3s7b4ravz6qd6-libX11-1.8.12",
              "default": true
            },
            {
              "name": "man",
              "path": "/nix/store/mp955ya75bp4j9r86734qpbydbsxadgc-libX11-1.8.12-man",
              "default": true
            },
            {
              "name": "dev",
              "path": "/nix/store/7pga7ngzqyw8iqrfxgfjs91cl21prm32-libX11-1.8.12-dev"
            }
          ],
          "store_path": "/nix/store/78r8azkjfcfz67gcjxc3s7b4ravz6qd6-libX11-1.8.12"
        },
        "aarch64-linux": {
          "outputs": [
            {
              "name": "out",
              "path": "/nix/store/grf6flx8s2phga38xcm17qcm2xd3z7h2-libX11-1.8.12",
              "default": true
            },
            {
              "name": "man",
              "path": "/nix/store/k2smkh8zqv28s6h426ywkyhhscdkx3mk-libX11-1.8.12-man",
              "default": true
            },
            {
              "name": "dev",
              "path": "/nix/store/4p6ybqa6pqvyikadc4lmag40vya0bv7g-libX11-1.8.12-dev"
            }
          ],
          "store_path": "/nix/store/grf6flx8s2phga38xcm17qcm2xd3z7h2-libX11-1.8.12"
        },
        "x86_64-darwin": {
          "outputs": [
            {
              "name": "out",
              "path": "/nix/store/1s2azrpv6wjxmxbgdx5d5cg2abzpphx1-libX11-1.8.12",
              "default": true
            },
            {
              "name": "man",
              "path": "/nix/store/vayx0icqdcdy1gnf433raipv09amgyww-libX11-1.8.12-man",
              "default": true
            },
            {
              "name": "dev",
              "path": "/nix/store/mplwgx06pshpf7j8ackrq74p3cdjqilw-libX11-1.8.12-dev"
            }
          ],
          "store_path": "/nix/store/1s2azrpv6wjxmxbgdx5d5cg2abzpphx1-libX11-1.8.12"
        },
        "x86_64-linux": {
          "outputs": [
            {
              "name": "out",
              "path": "/nix/store/cc238fjs80avjnhfqi4l8gwflqa8lb10-libX11-1.8.12",
              "default": true
            },
            {
              "name": "man",
              "path": "/nix/store/ja2pdy9bxwnirc1bkjd9z4n88i73z8p4-libX11-1.8.12-man",
              "default": true
            },
            {
              "name": "dev",
              "path": "/nix/store/wffdrj7bhy2nlmx7xmyss28bw05dlkgc-libX11-1.8.12-dev"
            }
          ],
          "store_path": "/nix/store/cc238fjs80avjnhfqi4l8gwflqa8lb10-libX11-1.8.12"
        }
      }
    },
    "xorg.libXcursor@latest": {
      "last_modified": "2025-07-28T17:09:23Z",
      "resolved": "github:NixOS/nixpkgs/648f70160c03151bc2121d179291337ad6bc564b#xorg.libXcursor",
      "source": "devbox-search",
      "version": "1.2.3",
      "systems": {
        "aarch64-darwin": {
          "outputs": [
            {
              "name": "out",
              "path": "/nix/store/9s8bjadm5dv1kiw7j8m9cc4q991ffzg4-libXcursor-1.2.3",
              "default": true
            },
            {
              "name": "dev",
              "path": "/nix/store/b85nsqpqp1b9isrb8x8imjsfw4m04p4a-libXcursor-1.2.3-dev"
            }
          ],
          "store_path": "/nix/store/9s8bjadm5dv1kiw7j8m9cc4q991ffzg4-libXcursor-1.2.3"
        },
        "aarch64-linux": {
          "outputs": [
            {
              "name": "out",
              "path": "/nix/store/5wq9mh1wd23xhhb0jkcb5g0hfzpvdzxh-libXcursor-1.2.3",
              "default": true
            },
            {
              "name": "dev",
              "path": "/nix/store/4pw4058qnp8x0wbrvr3dkpkqfchb1nns-libXcursor-1.2.3-dev"
            }
          ],
          "store_path": "/nix/store/5wq9mh1wd23xhhb0jkcb5g0hfzpvdzxh-libXcursor-1.2.3"
        },
        "x86_64-darwin": {
          "outputs": [
            {
              "name": "out",
              "path": "/nix/store/wrlvwncvqk93vxdhg51gkrgvgv232vkr-libXcursor-1.2.3",
              "default": true
            },
            {
              "name": "dev",
              "path": "/nix/store/p4xpl6x3kvjdqalxip0pjyxqvp0wwr7f-libXcursor-1.2.3-dev"
            }
          ],
          "store_path": "/nix/store/wrlvwncvqk93vxdhg51gkrgvgv232vkr-libXcursor-1.2.3"
        },
        "x86_64-linux": {
          "outputs": [
            {
              "name": "out",
              "path": "/nix/store/49f9ygyss6s07qk2rmirbc54z2a1ly9x-libXcursor-1.2.3",
              "default": true
            },
            {
              "name": "dev",
              "path": "/nix/store/5hpqfhc84k1453nyyagcgc1i72i5l513-libXcursor-1.2.3-dev"
            }
          ],
          "store_path": "/nix/store/49f9ygyss6s07qk2rmirbc54z2a1ly9x-libXcursor-1.2.3"
        }
      }
    },
    "xorg.libXinerama@latest": {
      "last_modified": "2025-10-07T08:41:47Z",
      "resolved": "github:NixOS/nixpkgs/bce5fe2bb998488d8e7e7856315f90496723793c#xorg.libXinerama",
      "source": "devbox-search",
      "version": "1.1.5",
      "systems": {
        "aarch64-darwin": {
          "outputs": [
            {
              "name": "out",
              "path": "/nix/store/b65x28ssza2lm7jydq9lrhkjhfbinxdn-libXinerama-1.1.5",
              "default": true
            },
            {
              "name": "dev",
              "path": "/nix/store/w34ghyd0panbjv66ij5chgcb955la9bi-libXinerama-1.1.5-dev"
            }
          ],
          "store_path": "/nix/store/b65x28ssza2lm7jydq9lrhkjhfbinxdn-libXinerama-1.1.5"
        },
        "aarch64-linux": {
          "outputs": [
            {
              "name": "out",
              "path": "/nix/store/wjbxxvxwnfrlhwc36xcxji20sigyandl-libXinerama-1.1.5",
              "default": true
            },
            {
              "name": "dev",
              "path": "/nix/store/nnw9kl6nfsph60by0d69wjbghqrc6khm-libXinerama-1.1.5-dev"
            }
          ],
          "store_path": "/nix/store/wjbxxvxwnfrlhwc36xcxji20sigyandl-libXinerama-1.1.5"
        },
        "x86_64-darwin": {
          "outputs": [
            {
              "name": "out",
              "path": "/nix/store/27sb0gjyiva170k6px885mf5s6h3vyvb-libXinerama-1.1.5",
              "default": true
            },
            {
              "name": "dev",
              "path": "/nix/store/9bp5m3bh5jfi7w4bv331g6dc401w3mqx-libXinerama-1.1.5-dev"
            }
          ],
          "store_path": "/nix/store/27sb0gjyiva170k6px885mf5s6h3vyvb-libXinerama-1.1.5"
        },
        "x86_64-linux": {
          "outputs": [
            {
              "name": "out",
              "path": "/nix/store/myjpnmphdy2clfj960lnidw5cfsw05i6-libXinerama-1.1.5",
              "default": true
            },
            {
              "name": "dev",
              "path": "/nix/store/sfzsyd3dk4gxqp5ppbrdhya10klgb0bd-libXinerama-1.1.5-dev"
            }
          ],
          "store_path": "/nix/store/myjpnmphdy2clfj960lnidw5cfsw05i6-libXinerama-1.1.5"
        }
      }
    }
  }
}
